{
  "name": "Projet-DewWeb",
  "lockfileVersion": 3,
  "requires": true,
  "packages": {
    "": {
      "dependencies": {
        "pokemon-sprites": "github:PokeAPI/sprites"
      }
    },
    "node_modules/pokemon-sprites": {
      "version": "1.0.0",
      "resolved": "git+ssh://git@github.com/PokeAPI/sprites.git#613b7d056833fff62febcaece3120a9db9463bfb",
      "license": "ISC"
    }
  }
}
